
Microsoft Visual Studio Solution File, Format Version 12.00
# Visual Studio Version 17
VisualStudioVersion = 17.5.33424.131
MinimumVisualStudioVersion = 10.0.40219.1
Project("{FAE04EC0-301F-11D3-BF4B-00C04F79EFBC}") = "MoneyTrackerApp", "MoneyTrackerApp.csproj", "{7FE0284F-B40D-4DD1-B567-2CD30F997835}"
EndProject
Project("{2150E333-8FDC-42A3-9474-1A3956D46DE8}") = "Solution Items", "Solution Items", "{226AE63D-DCF2-42C3-BD7D-A8AFB055A880}"
	ProjectSection(SolutionItems) = preProject
		.editorconfig = .editorconfig
	EndProjectSection
EndProject
Global
	GlobalSection(SolutionConfigurationPlatforms) = preSolution
		Debug|Any CPU = Debug|Any CPU
		Release|Any CPU = Release|Any CPU
	EndGlobalSection
	GlobalSection(ProjectConfigurationPlatforms) = postSolution
		{7FE0284F-B40D-4DD1-B567-2CD30F997835}.Debug|Any CPU.ActiveCfg = Debug|Any CPU
		{7FE0284F-B40D-4DD1-B567-2CD30F997835}.Debug|Any CPU.Build.0 = Debug|Any CPU
		{7FE0284F-B40D-4DD1-B567-2CD30F997835}.Release|Any CPU.ActiveCfg = Release|Any CPU
		{7FE0284F-B40D-4DD1-B567-2CD30F997835}.Release|Any CPU.Build.0 = Release|Any CPU
	EndGlobalSection
	GlobalSection(SolutionProperties) = preSolution
		HideSolutionNode = FALSE
	EndGlobalSection
	GlobalSection(ExtensibilityGlobals) = postSolution
		SolutionGuid = {C11F14DA-536E-48C9-BCA6-D9D2A63741DB}
	EndGlobalSection
EndGlobal
